// !$*UTF8*$!
{
	archiveVersion = 1;
	classes = {
	};
	objectVersion = 46;
	objects = {

/* Begin PBXBuildFile section */
		9F6510D51CEA9DDB008C4553 /* AppDelegate.m in Sources */ = {isa = PBXBuildFile; fileRef = 9F6510D41CEA9DDB008C4553 /* AppDelegate.m */; };
		9F6510D81CEA9DDB008C4553 /* main.m in Sources */ = {isa = PBXBuildFile; fileRef = 9F6510D71CEA9DDB008C4553 /* main.m */; };
		9F6510DB1CEA9DDB008C4553 /* ViewController.m in Sources */ = {isa = PBXBuildFile; fileRef = 9F6510DA1CEA9DDB008C4553 /* ViewController.m */; };
		9F6510DD1CEA9DDB008C4553 /* Assets.xcassets in Resources */ = {isa = PBXBuildFile; fileRef = 9F6510DC1CEA9DDB008C4553 /* Assets.xcassets */; };
		9F6510E01CEA9DDC008C4553 /* Main.storyboard in Resources */ = {isa = PBXBuildFile; fileRef = 9F6510DE1CEA9DDC008C4553 /* Main.storyboard */; };
		9F6510EB1CEA9DDC008C4553 /* LockItUpTests.m in Sources */ = {isa = PBXBuildFile; fileRef = 9F6510EA1CEA9DDC008C4553 /* LockItUpTests.m */; };
		9F6510F61CEA9DDD008C4553 /* LockItUpUITests.m in Sources */ = {isa = PBXBuildFile; fileRef = 9F6510F51CEA9DDD008C4553 /* LockItUpUITests.m */; };
		9F9BDE3C1CF00C0F00F69AF9 /* LockedUp.app in Resources */ = {isa = PBXBuildFile; fileRef = 9F9BDE3B1CF00C0F00F69AF9 /* LockedUp.app */; };
		9FBA02A41CF1430A00466928 /* Yosemite Lock Folder (1).icns in Resources */ = {isa = PBXBuildFile; fileRef = 9FBA02A31CF1430A00466928 /* Yosemite Lock Folder (1).icns */; };
/* End PBXBuildFile section */

/* Begin PBXContainerItemProxy section */
		9F6510E71CEA9DDC008C4553 /* PBXContainerItemProxy */ = {
			isa = PBXContainerItemProxy;
			containerPortal = 9F6510C81CEA9DD9008C4553 /* Project object */;
			proxyType = 1;
			remoteGlobalIDString = 9F6510CF1CEA9DDA008C4553;
			remoteInfo = LockItUp;
		};
		9F6510F21CEA9DDD008C4553 /* PBXContainerItemProxy */ = {
			isa = PBXContainerItemProxy;
			containerPortal = 9F6510C81CEA9DD9008C4553 /* Project object */;
			proxyType = 1;
			remoteGlobalIDString = 9F6510CF1CEA9DDA008C4553;
			remoteInfo = LockItUp;
		};
/* End PBXContainerItemProxy section */

/* Begin PBXFileReference section */
		9F6510D01CEA9DDA008C4553 /* LockItUp.app */ = {isa = PBXFileReference; explicitFileType = wrapper.application; includeInIndex = 0; path = LockItUp.app; sourceTree = BUILT_PRODUCTS_DIR; };
		9F6510D31CEA9DDB008C4553 /* AppDelegate.h */ = {isa = PBXFileReference; lastKnownFileType = sourcecode.c.h; path = AppDelegate.h; sourceTree = "<group>"; };
		9F6510D41CEA9DDB008C4553 /* AppDelegate.m */ = {isa = PBXFileReference; lastKnownFileType = sourcecode.c.objc; path = AppDelegate.m; sourceTree = "<group>"; };
		9F6510D71CEA9DDB008C4553 /* main.m */ = {isa = PBXFileReference; lastKnownFileType = sourcecode.c.objc; path = main.m; sourceTree = "<group>"; };
		9F6510D91CEA9DDB008C4553 /* ViewController.h */ = {isa = PBXFileReference; lastKnownFileType = sourcecode.c.h; path = ViewController.h; sourceTree = "<group>"; };
		9F6510DA1CEA9DDB008C4553 /* ViewController.m */ = {isa = PBXFileReference; lastKnownFileType = sourcecode.c.objc; path = ViewController.m; sourceTree = "<group>"; };
		9F6510DC1CEA9DDB008C4553 /* Assets.xcassets */ = {isa = PBXFileReference; lastKnownFileType = folder.assetcatalog; path = Assets.xcassets; sourceTree = "<group>"; };
		9F6510DF1CEA9DDC008C4553 /* Base */ = {isa = PBXFileReference; lastKnownFileType = file.storyboard; name = Base; path = Base.lproj/Main.storyboard; sourceTree = "<group>"; };
		9F6510E11CEA9DDC008C4553 /* Info.plist */ = {isa = PBXFileReference; lastKnownFileType = text.plist.xml; path = Info.plist; sourceTree = "<group>"; };
		9F6510E61CEA9DDC008C4553 /* LockItUpTests.xctest */ = {isa = PBXFileReference; explicitFileType = wrapper.cfbundle; includeInIndex = 0; path = LockItUpTests.xctest; sourceTree = BUILT_PRODUCTS_DIR; };
		9F6510EA1CEA9DDC008C4553 /* LockItUpTests.m */ = {isa = PBXFileReference; lastKnownFileType = sourcecode.c.objc; path = LockItUpTests.m; sourceTree = "<group>"; };
		9F6510EC1CEA9DDD008C4553 /* Info.plist */ = {isa = PBXFileReference; lastKnownFileType = text.plist.xml; path = Info.plist; sourceTree = "<group>"; };
		9F6510F11CEA9DDD008C4553 /* LockItUpUITests.xctest */ = {isa = PBXFileReference; explicitFileType = wrapper.cfbundle; includeInIndex = 0; path = LockItUpUITests.xctest; sourceTree = BUILT_PRODUCTS_DIR; };
		9F6510F51CEA9DDD008C4553 /* LockItUpUITests.m */ = {isa = PBXFileReference; lastKnownFileType = sourcecode.c.objc; path = LockItUpUITests.m; sourceTree = "<group>"; };
		9F6510F71CEA9DDD008C4553 /* Info.plist */ = {isa = PBXFileReference; lastKnownFileType = text.plist.xml; path = Info.plist; sourceTree = "<group>"; };
		9F9BDE3B1CF00C0F00F69AF9 /* LockedUp.app */ = {isa = PBXFileReference; lastKnownFileType = wrapper.application; path = LockedUp.app; sourceTree = "<group>"; };
		9FBA02A31CF1430A00466928 /* Yosemite Lock Folder (1).icns */ = {isa = PBXFileReference; lastKnownFileType = image.icns; path = "Yosemite Lock Folder (1).icns"; sourceTree = "<group>"; };
/* End PBXFileReference section */

/* Begin PBXFrameworksBuildPhase section */
		9F6510CD1CEA9DDA008C4553 /* Frameworks */ = {
			isa = PBXFrameworksBuildPhase;
			buildActionMask = 2147483647;
			files = (
			);
			runOnlyForDeploymentPostprocessing = 0;
		};
		9F6510E31CEA9DDC008C4553 /* Frameworks */ = {
			isa = PBXFrameworksBuildPhase;
			buildActionMask = 2147483647;
			files = (
			);
			runOnlyForDeploymentPostprocessing = 0;
		};
		9F6510EE1CEA9DDD008C4553 /* Frameworks */ = {
			isa = PBXFrameworksBuildPhase;
			buildActionMask = 2147483647;
			files = (
			);
			runOnlyForDeploymentPostprocessing = 0;
		};
/* End PBXFrameworksBuildPhase section */

/* Begin PBXGroup section */
		9F6510C71CEA9DD9008C4553 = {
			isa = PBXGroup;
			children = (
				9F6510D21CEA9DDB008C4553 /* LockItUp */,
				9F6510E91CEA9DDC008C4553 /* LockItUpTests */,
				9F6510F41CEA9DDD008C4553 /* LockItUpUITests */,
				9F6510D11CEA9DDA008C4553 /* Products */,
			);
			sourceTree = "<group>";
		};
		9F6510D11CEA9DDA008C4553 /* Products */ = {
			isa = PBXGroup;
			children = (
				9F6510D01CEA9DDA008C4553 /* LockItUp.app */,
				9F6510E61CEA9DDC008C4553 /* LockItUpTests.xctest */,
				9F6510F11CEA9DDD008C4553 /* LockItUpUITests.xctest */,
			);
			name = Products;
			sourceTree = "<group>";
		};
		9F6510D21CEA9DDB008C4553 /* LockItUp */ = {
			isa = PBXGroup;
			children = (
				9F6510D31CEA9DDB008C4553 /* AppDelegate.h */,
				9F6510D41CEA9DDB008C4553 /* AppDelegate.m */,
				9F6510D91CEA9DDB008C4553 /* ViewController.h */,
				9F6510DA1CEA9DDB008C4553 /* ViewController.m */,
				9F6510DC1CEA9DDB008C4553 /* Assets.xcassets */,
				9F6510DE1CEA9DDC008C4553 /* Main.storyboard */,
				9F6510E11CEA9DDC008C4553 /* Info.plist */,
				9F6510D61CEA9DDB008C4553 /* Supporting Files */,
			);
			path = LockItUp;
			sourceTree = "<group>";
		};
		9F6510D61CEA9DDB008C4553 /* Supporting Files */ = {
			isa = PBXGroup;
			children = (
				9FBA02A31CF1430A00466928 /* Yosemite Lock Folder (1).icns */,
				9F9BDE3B1CF00C0F00F69AF9 /* LockedUp.app */,
				9F6510D71CEA9DDB008C4553 /* main.m */,
			);
			name = "Supporting Files";
			sourceTree = "<group>";
		};
		9F6510E91CEA9DDC008C4553 /* LockItUpTests */ = {
			isa = PBXGroup;
			children = (
				9F6510EA1CEA9DDC008C4553 /* LockItUpTests.m */,
				9F6510EC1CEA9DDD008C4553 /* Info.plist */,
			);
			path = LockItUpTests;
			sourceTree = "<group>";
		};
		9F6510F41CEA9DDD008C4553 /* LockItUpUITests */ = {
			isa = PBXGroup;
			children = (
				9F6510F51CEA9DDD008C4553 /* LockItUpUITests.m */,
				9F6510F71CEA9DDD008C4553 /* Info.plist */,
			);
			path = LockItUpUITests;
			sourceTree = "<group>";
		};
/* End PBXGroup section */

/* Begin PBXNativeTarget section */
		9F6510CF1CEA9DDA008C4553 /* LockItUp */ = {
			isa = PBXNativeTarget;
			buildConfigurationList = 9F6510FA1CEA9DDD008C4553 /* Build configuration list for PBXNativeTarget "LockItUp" */;
			buildPhases = (
				9F6510CC1CEA9DDA008C4553 /* Sources */,
				9F6510CD1CEA9DDA008C4553 /* Frameworks */,
				9F6510CE1CEA9DDA008C4553 /* Resources */,
			);
			buildRules = (
			);
			dependencies = (
			);
			name = LockItUp;
			productName = LockItUp;
			productReference = 9F6510D01CEA9DDA008C4553 /* LockItUp.app */;
			productType = "com.apple.product-type.application";
		};
		9F6510E51CEA9DDC008C4553 /* LockItUpTests */ = {
			isa = PBXNativeTarget;
			buildConfigurationList = 9F6510FD1CEA9DDD008C4553 /* Build configuration list for PBXNativeTarget "LockItUpTests" */;
			buildPhases = (
				9F6510E21CEA9DDC008C4553 /* Sources */,
				9F6510E31CEA9DDC008C4553 /* Frameworks */,
				9F6510E41CEA9DDC008C4553 /* Resources */,
			);
			buildRules = (
			);
			dependencies = (
				9F6510E81CEA9DDC008C4553 /* PBXTargetDependency */,
			);
			name = LockItUpTests;
			productName = LockItUpTests;
			productReference = 9F6510E61CEA9DDC008C4553 /* LockItUpTests.xctest */;
			productType = "com.apple.product-type.bundle.unit-test";
		};
		9F6510F01CEA9DDD008C4553 /* LockItUpUITests */ = {
			isa = PBXNativeTarget;
			buildConfigurationList = 9F6511001CEA9DDD008C4553 /* Build configuration list for PBXNativeTarget "LockItUpUITests" */;
			buildPhases = (
				9F6510ED1CEA9DDD008C4553 /* Sources */,
				9F6510EE1CEA9DDD008C4553 /* Frameworks */,
				9F6510EF1CEA9DDD008C4553 /* Resources */,
			);
			buildRules = (
			);
			dependencies = (
				9F6510F31CEA9DDD008C4553 /* PBXTargetDependency */,
			);
			name = LockItUpUITests;
			productName = LockItUpUITests;
			productReference = 9F6510F11CEA9DDD008C4553 /* LockItUpUITests.xctest */;
			productType = "com.apple.product-type.bundle.ui-testing";
		};
/* End PBXNativeTarget section */

/* Begin PBXProject section */
		9F6510C81CEA9DD9008C4553 /* Project object */ = {
			isa = PBXProject;
			attributes = {
				LastUpgradeCheck = 0730;
				ORGANIZATIONNAME = "Extremal Tech";
				TargetAttributes = {
					9F6510CF1CEA9DDA008C4553 = {
						CreatedOnToolsVersion = 7.3.1;
					};
					9F6510E51CEA9DDC008C4553 = {
						CreatedOnToolsVersion = 7.3.1;
						TestTargetID = 9F6510CF1CEA9DDA008C4553;
					};
					9F6510F01CEA9DDD008C4553 = {
						CreatedOnToolsVersion = 7.3.1;
						TestTargetID = 9F6510CF1CEA9DDA008C4553;
					};
				};
			};
			buildConfigurationList = 9F6510CB1CEA9DD9008C4553 /* Build configuration list for PBXProject "LockItUp" */;
			compatibilityVersion = "Xcode 3.2";
			developmentRegion = English;
			hasScannedForEncodings = 0;
			knownRegions = (
				en,
				Base,
			);
			mainGroup = 9F6510C71CEA9DD9008C4553;
			productRefGroup = 9F6510D11CEA9DDA008C4553 /* Products */;
			projectDirPath = "";
			projectRoot = "";
			targets = (
				9F6510CF1CEA9DDA008C4553 /* LockItUp */,
				9F6510E51CEA9DDC008C4553 /* LockItUpTests */,
				9F6510F01CEA9DDD008C4553 /* LockItUpUITests */,
			);
		};
/* End PBXProject section */

/* Begin PBXResourcesBuildPhase section */
		9F6510CE1CEA9DDA008C4553 /* Resources */ = {
			isa = PBXResourcesBuildPhase;
			buildActionMask = 2147483647;
			files = (
				9F6510DD1CEA9DDB008C4553 /* Assets.xcassets in Resources */,
				9F6510E01CEA9DDC008C4553 /* Main.storyboard in Resources */,
				9FBA02A41CF1430A00466928 /* Yosemite Lock Folder (1).icns in Resources */,
				9F9BDE3C1CF00C0F00F69AF9 /* LockedUp.app in Resources */,
			);
			runOnlyForDeploymentPostprocessing = 0;
		};
		9F6510E41CEA9DDC008C4553 /* Resources */ = {
			isa = PBXResourcesBuildPhase;
			buildActionMask = 2147483647;
			files = (
			);
			runOnlyForDeploymentPostprocessing = 0;
		};
		9F6510EF1CEA9DDD008C4553 /* Resources */ = {
			isa = PBXResourcesBuildPhase;
			buildActionMask = 2147483647;
			files = (
			);
			runOnlyForDeploymentPostprocessing = 0;
		};
/* End PBXResourcesBuildPhase section */

/* Begin PBXSourcesBuildPhase section */
		9F6510CC1CEA9DDA008C4553 /* Sources */ = {
			isa = PBXSourcesBuildPhase;
			buildActionMask = 2147483647;
			files = (
				9F6510DB1CEA9DDB008C4553 /* ViewController.m in Sources */,
				9F6510D81CEA9DDB008C4553 /* main.m in Sources */,
				9F6510D51CEA9DDB008C4553 /* AppDelegate.m in Sources */,
			);
			runOnlyForDeploymentPostprocessing = 0;
		};
		9F6510E21CEA9DDC008C4553 /* Sources */ = {
			isa = PBXSourcesBuildPhase;
			buildActionMask = 2147483647;
			files = (
				9F6510EB1CEA9DDC008C4553 /* LockItUpTests.m in Sources */,
			);
			runOnlyForDeploymentPostprocessing = 0;
		};
		9F6510ED1CEA9DDD008C4553 /* Sources */ = {
			isa = PBXSourcesBuildPhase;
			buildActionMask = 2147483647;
			files = (
				9F6510F61CEA9DDD008C4553 /* LockItUpUITests.m in Sources */,
			);
			runOnlyForDeploymentPostprocessing = 0;
		};
/* End PBXSourcesBuildPhase section */

/* Begin PBXTargetDependency section */
		9F6510E81CEA9DDC008C4553 /* PBXTargetDependency */ = {
			isa = PBXTargetDependency;
			target = 9F6510CF1CEA9DDA008C4553 /* LockItUp */;
			targetProxy = 9F6510E71CEA9DDC008C4553 /* PBXContainerItemProxy */;
		};
		9F6510F31CEA9DDD008C4553 /* PBXTargetDependency */ = {
			isa = PBXTargetDependency;
			target = 9F6510CF1CEA9DDA008C4553 /* LockItUp */;
			targetProxy = 9F6510F21CEA9DDD008C4553 /* PBXContainerItemProxy */;
		};
/* End PBXTargetDependency section */

/* Begin PBXVariantGroup section */
		9F6510DE1CEA9DDC008C4553 /* Main.storyboard */ = {
			isa = PBXVariantGroup;
			children = (
				9F6510DF1CEA9DDC008C4553 /* Base */,
			);
			name = Main.storyboard;
			sourceTree = "<group>";
		};
/* End PBXVariantGroup section */

/* Begin XCBuildConfiguration section */
		9F6510F81CEA9DDD008C4553 /* Debug */ = {
			isa = XCBuildConfiguration;
			buildSettings = {
				ALWAYS_SEARCH_USER_PATHS = NO;
				CLANG_ANALYZER_NONNULL = YES;
				CLANG_CXX_LANGUAGE_STANDARD = "gnu++0x";
				CLANG_CXX_LIBRARY = "libc++";
				CLANG_ENABLE_MODULES = YES;
				CLANG_ENABLE_OBJC_ARC = YES;
				CLANG_WARN_BOOL_CONVERSION = YES;
				CLANG_WARN_CONSTANT_CONVERSION = YES;
				CLANG_WARN_DIRECT_OBJC_ISA_USAGE = YES_ERROR;
				CLANG_WARN_EMPTY_BODY = YES;
				CLANG_WARN_ENUM_CONVERSION = YES;
				CLANG_WARN_INT_CONVERSION = YES;
				CLANG_WARN_OBJC_ROOT_CLASS = YES_ERROR;
				CLANG_WARN_UNREACHABLE_CODE = YES;
				CLANG_WARN__DUPLICATE_METHOD_MATCH = YES;
				CODE_SIGN_IDENTITY = "-";
				COPY_PHASE_STRIP = NO;
				DEBUG_INFORMATION_FORMAT = dwarf;
				ENABLE_STRICT_OBJC_MSGSEND = YES;
				ENABLE_TESTABILITY = YES;
				GCC_C_LANGUAGE_STANDARD = gnu99;
				GCC_DYNAMIC_NO_PIC = NO;
				GCC_NO_COMMON_BLOCKS = YES;
				GCC_OPTIMIZATION_LEVEL = 0;
				GCC_PREPROCESSOR_DEFINITIONS = (
					"DEBUG=1",
					"$(inherited)",
				);
				GCC_WARN_64_TO_32_BIT_CONVERSION = YES;
				GCC_WARN_ABOUT_RETURN_TYPE = YES_ERROR;
				GCC_WARN_UNDECLARED_SELECTOR = YES;
				GCC_WARN_UNINITIALIZED_AUTOS = YES_AGGRESSIVE;
				GCC_WARN_UNUSED_FUNCTION = YES;
				GCC_WARN_UNUSED_VARIABLE = YES;
				MACOSX_DEPLOYMENT_TARGET = 10.11;
				MTL_ENABLE_DEBUG_INFO = YES;
				ONLY_ACTIVE_ARCH = YES;
				SDKROOT = macosx;
			};
			name = Debug;
		};
		9F6510F91CEA9DDD008C4553 /* Release */ = {
			isa = XCBuildConfiguration;
			buildSettings = {
				ALWAYS_SEARCH_USER_PATHS = NO;
				CLANG_ANALYZER_NONNULL = YES;
				CLANG_CXX_LANGUAGE_STANDARD = "gnu++0x";
				CLANG_CXX_LIBRARY = "libc++";
				CLANG_ENABLE_MODULES = YES;
				CLANG_ENABLE_OBJC_ARC = YES;
				CLANG_WARN_BOOL_CONVERSION = YES;
				CLANG_WARN_CONSTANT_CONVERSION = YES;
				CLANG_WARN_DIRECT_OBJC_ISA_USAGE = YES_ERROR;
				CLANG_WARN_EMPTY_BODY = YES;
				CLANG_WARN_ENUM_CONVERSION = YES;
				CLANG_WARN_INT_CONVERSION = YES;
				CLANG_WARN_OBJC_ROOT_CLASS = YES_ERROR;
				CLANG_WARN_UNREACHABLE_CODE = YES;
				CLANG_WARN__DUPLICATE_METHOD_MATCH = YES;
				CODE_SIGN_IDENTITY = "-";
				COPY_PHASE_STRIP = NO;
				DEBUG_INFORMATION_FORMAT = "dwarf-with-dsym";
				ENABLE_NS_ASSERTIONS = NO;
				ENABLE_STRICT_OBJC_MSGSEND = YES;
				GCC_C_LANGUAGE_STANDARD = gnu99;
				GCC_NO_COMMON_BLOCKS = YES;
				GCC_WARN_64_TO_32_BIT_CONVERSION = YES;
				GCC_WARN_ABOUT_RETURN_TYPE = YES_ERROR;
				GCC_WARN_UNDECLARED_SELECTOR = YES;
				GCC_WARN_UNINITIALIZED_AUTOS = YES_AGGRESSIVE;
				GCC_WARN_UNUSED_FUNCTION = YES;
				GCC_WARN_UNUSED_VARIABLE = YES;
				MACOSX_DEPLOYMENT_TARGET = 10.11;
				MTL_ENABLE_DEBUG_INFO = NO;
				SDKROOT = macosx;
			};
			name = Release;
		};
		9F6510FB1CEA9DDD008C4553 /* Debug */ = {
			isa = XCBuildConfiguration;
			buildSettings = {
				ASSETCATALOG_COMPILER_APPICON_NAME = AppIcon;
				COMBINE_HIDPI_IMAGES = YES;
				INFOPLIST_FILE = LockItUp/Info.plist;
				LD_RUNPATH_SEARCH_PATHS = "$(inherited) @executable_path/../Frameworks";
				PRODUCT_BUNDLE_IDENTIFIER = com.extremaltech.LockItUp;
				PRODUCT_NAME = "$(TARGET_NAME)";
			};
			name = Debug;
		};
		9F6510FC1CEA9DDD008C4553 /* Release */ = {
			isa = XCBuildConfiguration;
			buildSettings = {
				ASSETCATALOG_COMPILER_APPICON_NAME = AppIcon;
				COMBINE_HIDPI_IMAGES = YES;
				INFOPLIST_FILE = LockItUp/Info.plist;
				LD_RUNPATH_SEARCH_PATHS = "$(inherited) @executable_path/../Frameworks";
				PRODUCT_BUNDLE_IDENTIFIER = com.extremaltech.LockItUp;
				PRODUCT_NAME = "$(TARGET_NAME)";
			};
			name = Release;
		};
		9F6510FE1CEA9DDD008C4553 /* Debug */ = {
			isa = XCBuildConfiguration;
			buildSettings = {
				BUNDLE_LOADER = "$(TEST_HOST)";
				COMBINE_HIDPI_IMAGES = YES;
				INFOPLIST_FILE = LockItUpTests/Info.plist;
				LD_RUNPATH_SEARCH_PATHS = "$(inherited) @executable_path/../Frameworks @loader_path/../Frameworks";
				PRODUCT_BUNDLE_IDENTIFIER = com.extremaltech.LockItUpTests;
				PRODUCT_NAME = "$(TARGET_NAME)";
				TEST_HOST = "$(BUILT_PRODUCTS_DIR)/LockItUp.app/Contents/MacOS/LockItUp";
			};
			name = Debug;
		};
		9F6510FF1CEA9DDD008C4553 /* Release */ = {
			isa = XCBuildConfiguration;
			buildSettings = {
				BUNDLE_LOADER = "$(TEST_HOST)";
				COMBINE_HIDPI_IMAGES = YES;
				INFOPLIST_FILE = LockItUpTests/Info.plist;
				LD_RUNPATH_SEARCH_PATHS = "$(inherited) @executable_path/../Frameworks @loader_path/../Frameworks";
				PRODUCT_BUNDLE_IDENTIFIER = com.extremaltech.LockItUpTests;
				PRODUCT_NAME = "$(TARGET_NAME)";
				TEST_HOST = "$(BUILT_PRODUCTS_DIR)/LockItUp.app/Contents/MacOS/LockItUp";
			};
			name = Release;
		};
		9F6511011CEA9DDD008C4553 /* Debug */ = {
			isa = XCBuildConfiguration;
			buildSettings = {
				COMBINE_HIDPI_IMAGES = YES;
				INFOPLIST_FILE = LockItUpUITests/Info.plist;
				LD_RUNPATH_SEARCH_PATHS = "$(inherited) @executable_path/../Frameworks @loader_path/../Frameworks";
				PRODUCT_BUNDLE_IDENTIFIER = com.extremaltech.LockItUpUITests;
				PRODUCT_NAME = "$(TARGET_NAME)";
				TEST_TARGET_NAME = LockItUp;
			};
			name = Debug;
		};
		9F6511021CEA9DDD008C4553 /* Release */ = {
			isa = XCBuildConfiguration;
			buildSettings = {
				COMBINE_HIDPI_IMAGES = YES;
				INFOPLIST_FILE = LockItUpUITests/Info.plist;
				LD_RUNPATH_SEARCH_PATHS = "$(inherited) @executable_path/../Frameworks @loader_path/../Frameworks";
				PRODUCT_BUNDLE_IDENTIFIER = com.extremaltech.LockItUpUITests;
				PRODUCT_NAME = "$(TARGET_NAME)";
				TEST_TARGET_NAME = LockItUp;
			};
			name = Release;
		};
/* End XCBuildConfiguration section */

/* Begin XCConfigurationList section */
		9F6510CB1CEA9DD9008C4553 /* Build configuration list for PBXProject "LockItUp" */ = {
			isa = XCConfigurationList;
			buildConfigurations = (
				9F6510F81CEA9DDD008C4553 /* Debug */,
				9F6510F91CEA9DDD008C4553 /* Release */,
			);
			defaultConfigurationIsVisible = 0;
			defaultConfigurationName = Release;
		};
		9F6510FA1CEA9DDD008C4553 /* Build configuration list for PBXNativeTarget "LockItUp" */ = {
			isa = XCConfigurationList;
			buildConfigurations = (
				9F6510FB1CEA9DDD008C4553 /* Debug */,
				9F6510FC1CEA9DDD008C4553 /* Release */,
			);
			defaultConfigurationIsVisible = 0;
			defaultConfigurationName = Release;
		};
		9F6510FD1CEA9DDD008C4553 /* Build configuration list for PBXNativeTarget "LockItUpTests" */ = {
			isa = XCConfigurationList;
			buildConfigurations = (
				9F6510FE1CEA9DDD008C4553 /* Debug */,
				9F6510FF1CEA9DDD008C4553 /* Release */,
			);
			defaultConfigurationIsVisible = 0;
			defaultConfigurationName = Release;
		};
		9F6511001CEA9DDD008C4553 /* Build configuration list for PBXNativeTarget "LockItUpUITests" */ = {
			isa = XCConfigurationList;
			buildConfigurations = (
				9F6511011CEA9DDD008C4553 /* Debug */,
				9F6511021CEA9DDD008C4553 /* Release */,
			);
			defaultConfigurationIsVisible = 0;
			defaultConfigurationName = Release;
		};
/* End XCConfigurationList section */
	};
	rootObject = 9F6510C81CEA9DD9008C4553 /* Project object */;
}
